{
  "requires": true,
  "lockfileVersion": 1,
  "dependencies": {
    "gitbook-plugin-codeblock-filename": {
      "version": "0.0.9",
      "resolved": "https://registry.npmjs.org/gitbook-plugin-codeblock-filename/-/gitbook-plugin-codeblock-filename-0.0.9.tgz",
      "integrity": "sha1-h6njPYlRa5IZ8/bFzSPDXXwstHE="
    },
    "gitbook-plugin-highlight": {
      "version": "2.0.3",
      "resolved": "https://registry.npmjs.org/gitbook-plugin-highlight/-/gitbook-plugin-highlight-2.0.3.tgz",
      "integrity": "sha1-ia9mqUwWj16t3j52dKgpW3fbWYc=",
      "requires": {
        "highlight.js": "9.8.0"
      }
    },
    "highlight.js": {
      "version": "9.8.0",
      "resolved": "https://registry.npmjs.org/highlight.js/-/highlight.js-9.8.0.tgz",
      "integrity": "sha1-OO7vQM1F6t2+yMnlI4+3p4OjtoU="
    }
  }
}
